github.com/dilddream/hugo-mod-json-resume v0.0.0-20240827190105-167993f39fd1 h1:RaFs6EnRzVcEGUws7GNJ4F2xYjUbJoioaBVPgZ6pnLA=
github.com/dilddream/hugo-mod-json-resume v0.0.0-20240827190105-167993f39fd1/go.mod h1:9a3RP0jNQ6w/zcAznXFb533Fr4sA5rFOy55IbOu0xKw=
github.com/dilddream/hugo-mod-json-resume v0.0.0-20250511061930-b69658075fe4 h1:pCU7BLJGIvA5vGiIvZfERdju839V1fuVa48wPGzxlPQ=
github.com/dilddream/hugo-mod-json-resume v0.0.0-20250511061930-b69658075fe4/go.mod h1:jg9pG5LhJF4wRVa0jwDgOaIpU/OucEQdJSmXaHqvV1E=
